// !$*UTF8*$!
{
	archiveVersion = 1;
	classes = {
	};
	objectVersion = 55;
	objects = {

/* Begin PBXBuildFile section */
		2E51FA1D26EF7B0000079CFA /* sRemoApp.swift in Sources */ = {isa = PBXBuildFile; fileRef = 2E51FA1C26EF7B0000079CFA /* sRemoApp.swift */; };
		2E51FA1F26EF7B0000079CFA /* HomeTabView.swift in Sources */ = {isa = PBXBuildFile; fileRef = 2E51FA1E26EF7B0000079CFA /* HomeTabView.swift */; };
		2E51FA2126EF7B0200079CFA /* Assets.xcassets in Resources */ = {isa = PBXBuildFile; fileRef = 2E51FA2026EF7B0200079CFA /* Assets.xcassets */; };
		2E51FA2426EF7B0200079CFA /* Preview Assets.xcassets in Resources */ = {isa = PBXBuildFile; fileRef = 2E51FA2326EF7B0200079CFA /* Preview Assets.xcassets */; };
		2E51FA2E26EF7B0200079CFA /* sRemoTests.swift in Sources */ = {isa = PBXBuildFile; fileRef = 2E51FA2D26EF7B0200079CFA /* sRemoTests.swift */; };
		2E51FA3826EF7B0200079CFA /* sRemoUITests.swift in Sources */ = {isa = PBXBuildFile; fileRef = 2E51FA3726EF7B0200079CFA /* sRemoUITests.swift */; };
		2E51FA3A26EF7B0200079CFA /* sRemoUITestsLaunchTests.swift in Sources */ = {isa = PBXBuildFile; fileRef = 2E51FA3926EF7B0200079CFA /* sRemoUITestsLaunchTests.swift */; };
		2E51FA4B26EF7DEB00079CFA /* TVView.swift in Sources */ = {isa = PBXBuildFile; fileRef = 2E51FA4A26EF7DEB00079CFA /* TVView.swift */; };
		2E51FA4D26EF7E1100079CFA /* AirConditioner.swift in Sources */ = {isa = PBXBuildFile; fileRef = 2E51FA4C26EF7E1100079CFA /* AirConditioner.swift */; };
		2E51FA4F26EF7E2000079CFA /* DVDView.swift in Sources */ = {isa = PBXBuildFile; fileRef = 2E51FA4E26EF7E2000079CFA /* DVDView.swift */; };
		2E51FA5126EF7E4300079CFA /* LightView.swift in Sources */ = {isa = PBXBuildFile; fileRef = 2E51FA5026EF7E4300079CFA /* LightView.swift */; };
		2E51FA5326EF7E5000079CFA /* SwitchView.swift in Sources */ = {isa = PBXBuildFile; fileRef = 2E51FA5226EF7E5000079CFA /* SwitchView.swift */; };
		2E51FA5626EF7E8D00079CFA /* TVModel.swift in Sources */ = {isa = PBXBuildFile; fileRef = 2E51FA5526EF7E8D00079CFA /* TVModel.swift */; };
		2E51FA5926EF7EBF00079CFA /* AirConditionerModel.swift in Sources */ = {isa = PBXBuildFile; fileRef = 2E51FA5826EF7EBF00079CFA /* AirConditionerModel.swift */; };
		2E51FA5B26EF7EE300079CFA /* DVDModel.swift in Sources */ = {isa = PBXBuildFile; fileRef = 2E51FA5A26EF7EE300079CFA /* DVDModel.swift */; };
		2E51FA5D26EF7EED00079CFA /* LightModel.swift in Sources */ = {isa = PBXBuildFile; fileRef = 2E51FA5C26EF7EED00079CFA /* LightModel.swift */; };
		2E51FA6026EF7F0600079CFA /* SwitchModel.swift in Sources */ = {isa = PBXBuildFile; fileRef = 2E51FA5F26EF7F0600079CFA /* SwitchModel.swift */; };
		2E51FA6326EF802A00079CFA /* TVViewModel.swift in Sources */ = {isa = PBXBuildFile; fileRef = 2E51FA6226EF802A00079CFA /* TVViewModel.swift */; };
		2E51FA6526EF803700079CFA /* AirConditionerViewModel.swift in Sources */ = {isa = PBXBuildFile; fileRef = 2E51FA6426EF803700079CFA /* AirConditionerViewModel.swift */; };
		2E51FA6726EF804300079CFA /* DVDViewModel.swift in Sources */ = {isa = PBXBuildFile; fileRef = 2E51FA6626EF804300079CFA /* DVDViewModel.swift */; };
		2E51FA6926EF805200079CFA /* LightViewModel.swift in Sources */ = {isa = PBXBuildFile; fileRef = 2E51FA6826EF805200079CFA /* LightViewModel.swift */; };
		2E51FA6B26EF805F00079CFA /* SwitchViewModel.swift in Sources */ = {isa = PBXBuildFile; fileRef = 2E51FA6A26EF805F00079CFA /* SwitchViewModel.swift */; };
		2E51FA6D26EF807400079CFA /* HomeModel.swift in Sources */ = {isa = PBXBuildFile; fileRef = 2E51FA6C26EF807400079CFA /* HomeModel.swift */; };
		2E51FA6F26EF808300079CFA /* HomeViewModel.swift in Sources */ = {isa = PBXBuildFile; fileRef = 2E51FA6E26EF808300079CFA /* HomeViewModel.swift */; };
		2E51FA7126EF808B00079CFA /* HomeView.swift in Sources */ = {isa = PBXBuildFile; fileRef = 2E51FA7026EF808B00079CFA /* HomeView.swift */; };
		2E51FA7326EF809E00079CFA /* SettingsView.swift in Sources */ = {isa = PBXBuildFile; fileRef = 2E51FA7226EF809E00079CFA /* SettingsView.swift */; };
		2E51FA7526EF80D900079CFA /* SettingsViewModel.swift in Sources */ = {isa = PBXBuildFile; fileRef = 2E51FA7426EF80D900079CFA /* SettingsViewModel.swift */; };
		2E51FA7726EF80E400079CFA /* SettingsModel.swift in Sources */ = {isa = PBXBuildFile; fileRef = 2E51FA7626EF80E400079CFA /* SettingsModel.swift */; };
		2E51FA7926EF842200079CFA /* DeviceModel.swift in Sources */ = {isa = PBXBuildFile; fileRef = 2E51FA7826EF842200079CFA /* DeviceModel.swift */; };
/* End PBXBuildFile section */

/* Begin PBXContainerItemProxy section */
		2E51FA2A26EF7B0200079CFA /* PBXContainerItemProxy */ = {
			isa = PBXContainerItemProxy;
			containerPortal = 2E51FA1126EF7B0000079CFA /* Project object */;
			proxyType = 1;
			remoteGlobalIDString = 2E51FA1826EF7B0000079CFA;
			remoteInfo = sRemo;
		};
		2E51FA3426EF7B0200079CFA /* PBXContainerItemProxy */ = {
			isa = PBXContainerItemProxy;
			containerPortal = 2E51FA1126EF7B0000079CFA /* Project object */;
			proxyType = 1;
			remoteGlobalIDString = 2E51FA1826EF7B0000079CFA;
			remoteInfo = sRemo;
		};
/* End PBXContainerItemProxy section */

/* Begin PBXFileReference section */
		2E51FA1926EF7B0000079CFA /* sRemo.app */ = {isa = PBXFileReference; explicitFileType = wrapper.application; includeInIndex = 0; path = sRemo.app; sourceTree = BUILT_PRODUCTS_DIR; };
		2E51FA1C26EF7B0000079CFA /* sRemoApp.swift */ = {isa = PBXFileReference; lastKnownFileType = sourcecode.swift; path = sRemoApp.swift; sourceTree = "<group>"; };
		2E51FA1E26EF7B0000079CFA /* HomeTabView.swift */ = {isa = PBXFileReference; lastKnownFileType = sourcecode.swift; path = HomeTabView.swift; sourceTree = "<group>"; };
		2E51FA2026EF7B0200079CFA /* Assets.xcassets */ = {isa = PBXFileReference; lastKnownFileType = folder.assetcatalog; path = Assets.xcassets; sourceTree = "<group>"; };
		2E51FA2326EF7B0200079CFA /* Preview Assets.xcassets */ = {isa = PBXFileReference; lastKnownFileType = folder.assetcatalog; path = "Preview Assets.xcassets"; sourceTree = "<group>"; };
		2E51FA2926EF7B0200079CFA /* sRemoTests.xctest */ = {isa = PBXFileReference; explicitFileType = wrapper.cfbundle; includeInIndex = 0; path = sRemoTests.xctest; sourceTree = BUILT_PRODUCTS_DIR; };
		2E51FA2D26EF7B0200079CFA /* sRemoTests.swift */ = {isa = PBXFileReference; lastKnownFileType = sourcecode.swift; path = sRemoTests.swift; sourceTree = "<group>"; };
		2E51FA3326EF7B0200079CFA /* sRemoUITests.xctest */ = {isa = PBXFileReference; explicitFileType = wrapper.cfbundle; includeInIndex = 0; path = sRemoUITests.xctest; sourceTree = BUILT_PRODUCTS_DIR; };
		2E51FA3726EF7B0200079CFA /* sRemoUITests.swift */ = {isa = PBXFileReference; lastKnownFileType = sourcecode.swift; path = sRemoUITests.swift; sourceTree = "<group>"; };
		2E51FA3926EF7B0200079CFA /* sRemoUITestsLaunchTests.swift */ = {isa = PBXFileReference; lastKnownFileType = sourcecode.swift; path = sRemoUITestsLaunchTests.swift; sourceTree = "<group>"; };
		2E51FA4A26EF7DEB00079CFA /* TVView.swift */ = {isa = PBXFileReference; lastKnownFileType = sourcecode.swift; path = TVView.swift; sourceTree = "<group>"; };
		2E51FA4C26EF7E1100079CFA /* AirConditioner.swift */ = {isa = PBXFileReference; lastKnownFileType = sourcecode.swift; path = AirConditioner.swift; sourceTree = "<group>"; };
		2E51FA4E26EF7E2000079CFA /* DVDView.swift */ = {isa = PBXFileReference; lastKnownFileType = sourcecode.swift; path = DVDView.swift; sourceTree = "<group>"; };
		2E51FA5026EF7E4300079CFA /* LightView.swift */ = {isa = PBXFileReference; lastKnownFileType = sourcecode.swift; path = LightView.swift; sourceTree = "<group>"; };
		2E51FA5226EF7E5000079CFA /* SwitchView.swift */ = {isa = PBXFileReference; lastKnownFileType = sourcecode.swift; path = SwitchView.swift; sourceTree = "<group>"; };
		2E51FA5526EF7E8D00079CFA /* TVModel.swift */ = {isa = PBXFileReference; lastKnownFileType = sourcecode.swift; path = TVModel.swift; sourceTree = "<group>"; };
		2E51FA5826EF7EBF00079CFA /* AirConditionerModel.swift */ = {isa = PBXFileReference; lastKnownFileType = sourcecode.swift; path = AirConditionerModel.swift; sourceTree = "<group>"; };
		2E51FA5A26EF7EE300079CFA /* DVDModel.swift */ = {isa = PBXFileReference; lastKnownFileType = sourcecode.swift; path = DVDModel.swift; sourceTree = "<group>"; };
		2E51FA5C26EF7EED00079CFA /* LightModel.swift */ = {isa = PBXFileReference; lastKnownFileType = sourcecode.swift; path = LightModel.swift; sourceTree = "<group>"; };
		2E51FA5F26EF7F0600079CFA /* SwitchModel.swift */ = {isa = PBXFileReference; lastKnownFileType = sourcecode.swift; path = SwitchModel.swift; sourceTree = "<group>"; };
		2E51FA6226EF802A00079CFA /* TVViewModel.swift */ = {isa = PBXFileReference; lastKnownFileType = sourcecode.swift; path = TVViewModel.swift; sourceTree = "<group>"; };
		2E51FA6426EF803700079CFA /* AirConditionerViewModel.swift */ = {isa = PBXFileReference; lastKnownFileType = sourcecode.swift; path = AirConditionerViewModel.swift; sourceTree = "<group>"; };
		2E51FA6626EF804300079CFA /* DVDViewModel.swift */ = {isa = PBXFileReference; lastKnownFileType = sourcecode.swift; path = DVDViewModel.swift; sourceTree = "<group>"; };
		2E51FA6826EF805200079CFA /* LightViewModel.swift */ = {isa = PBXFileReference; lastKnownFileType = sourcecode.swift; path = LightViewModel.swift; sourceTree = "<group>"; };
		2E51FA6A26EF805F00079CFA /* SwitchViewModel.swift */ = {isa = PBXFileReference; lastKnownFileType = sourcecode.swift; path = SwitchViewModel.swift; sourceTree = "<group>"; };
		2E51FA6C26EF807400079CFA /* HomeModel.swift */ = {isa = PBXFileReference; lastKnownFileType = sourcecode.swift; path = HomeModel.swift; sourceTree = "<group>"; };
		2E51FA6E26EF808300079CFA /* HomeViewModel.swift */ = {isa = PBXFileReference; lastKnownFileType = sourcecode.swift; path = HomeViewModel.swift; sourceTree = "<group>"; };
		2E51FA7026EF808B00079CFA /* HomeView.swift */ = {isa = PBXFileReference; lastKnownFileType = sourcecode.swift; path = HomeView.swift; sourceTree = "<group>"; };
		2E51FA7226EF809E00079CFA /* SettingsView.swift */ = {isa = PBXFileReference; lastKnownFileType = sourcecode.swift; path = SettingsView.swift; sourceTree = "<group>"; };
		2E51FA7426EF80D900079CFA /* SettingsViewModel.swift */ = {isa = PBXFileReference; lastKnownFileType = sourcecode.swift; path = SettingsViewModel.swift; sourceTree = "<group>"; };
		2E51FA7626EF80E400079CFA /* SettingsModel.swift */ = {isa = PBXFileReference; lastKnownFileType = sourcecode.swift; path = SettingsModel.swift; sourceTree = "<group>"; };
		2E51FA7826EF842200079CFA /* DeviceModel.swift */ = {isa = PBXFileReference; lastKnownFileType = sourcecode.swift; path = DeviceModel.swift; sourceTree = "<group>"; };
/* End PBXFileReference section */

/* Begin PBXFrameworksBuildPhase section */
		2E51FA1626EF7B0000079CFA /* Frameworks */ = {
			isa = PBXFrameworksBuildPhase;
			buildActionMask = 2147483647;
			files = (
			);
			runOnlyForDeploymentPostprocessing = 0;
		};
		2E51FA2626EF7B0200079CFA /* Frameworks */ = {
			isa = PBXFrameworksBuildPhase;
			buildActionMask = 2147483647;
			files = (
			);
			runOnlyForDeploymentPostprocessing = 0;
		};
		2E51FA3026EF7B0200079CFA /* Frameworks */ = {
			isa = PBXFrameworksBuildPhase;
			buildActionMask = 2147483647;
			files = (
			);
			runOnlyForDeploymentPostprocessing = 0;
		};
/* End PBXFrameworksBuildPhase section */

/* Begin PBXGroup section */
		2E51FA1026EF7B0000079CFA = {
			isa = PBXGroup;
			children = (
				2E51FA1B26EF7B0000079CFA /* sRemo */,
				2E51FA2C26EF7B0200079CFA /* sRemoTests */,
				2E51FA3626EF7B0200079CFA /* sRemoUITests */,
				2E51FA1A26EF7B0000079CFA /* Products */,
			);
			sourceTree = "<group>";
		};
		2E51FA1A26EF7B0000079CFA /* Products */ = {
			isa = PBXGroup;
			children = (
				2E51FA1926EF7B0000079CFA /* sRemo.app */,
				2E51FA2926EF7B0200079CFA /* sRemoTests.xctest */,
				2E51FA3326EF7B0200079CFA /* sRemoUITests.xctest */,
			);
			name = Products;
			sourceTree = "<group>";
		};
		2E51FA1B26EF7B0000079CFA /* sRemo */ = {
			isa = PBXGroup;
			children = (
				2E51FA4826EF7D4E00079CFA /* View */,
				2E51FA4726EF7D3E00079CFA /* ViewModel */,
				2E51FA4626EF7D3400079CFA /* Model */,
				2E51FA1C26EF7B0000079CFA /* sRemoApp.swift */,
				2E51FA2026EF7B0200079CFA /* Assets.xcassets */,
				2E51FA2226EF7B0200079CFA /* Preview Content */,
			);
			path = sRemo;
			sourceTree = "<group>";
		};
		2E51FA2226EF7B0200079CFA /* Preview Content */ = {
			isa = PBXGroup;
			children = (
				2E51FA2326EF7B0200079CFA /* Preview Assets.xcassets */,
			);
			path = "Preview Content";
			sourceTree = "<group>";
		};
		2E51FA2C26EF7B0200079CFA /* sRemoTests */ = {
			isa = PBXGroup;
			children = (
				2E51FA2D26EF7B0200079CFA /* sRemoTests.swift */,
			);
			path = sRemoTests;
			sourceTree = "<group>";
		};
		2E51FA3626EF7B0200079CFA /* sRemoUITests */ = {
			isa = PBXGroup;
			children = (
				2E51FA3726EF7B0200079CFA /* sRemoUITests.swift */,
				2E51FA3926EF7B0200079CFA /* sRemoUITestsLaunchTests.swift */,
			);
			path = sRemoUITests;
			sourceTree = "<group>";
		};
		2E51FA4626EF7D3400079CFA /* Model */ = {
			isa = PBXGroup;
			children = (
				2E51FA5726EF7E9100079CFA /* Appliances */,
				2E51FA6C26EF807400079CFA /* HomeModel.swift */,
				2E51FA7626EF80E400079CFA /* SettingsModel.swift */,
				2E51FA7826EF842200079CFA /* DeviceModel.swift */,
			);
			path = Model;
			sourceTree = "<group>";
		};
		2E51FA4726EF7D3E00079CFA /* ViewModel */ = {
			isa = PBXGroup;
			children = (
				2E51FA6126EF800100079CFA /* Appliances */,
				2E51FA6E26EF808300079CFA /* HomeViewModel.swift */,
				2E51FA7426EF80D900079CFA /* SettingsViewModel.swift */,
			);
			path = ViewModel;
			sourceTree = "<group>";
		};
		2E51FA4826EF7D4E00079CFA /* View */ = {
			isa = PBXGroup;
			children = (
				2E51FA4926EF7DD400079CFA /* Appliances */,
				2E51FA7026EF808B00079CFA /* HomeView.swift */,
				2E51FA7226EF809E00079CFA /* SettingsView.swift */,
				2E51FA1E26EF7B0000079CFA /* HomeTabView.swift */,
			);
			path = View;
			sourceTree = "<group>";
		};
		2E51FA4926EF7DD400079CFA /* Appliances */ = {
			isa = PBXGroup;
			children = (
				2E51FA4A26EF7DEB00079CFA /* TVView.swift */,
				2E51FA4C26EF7E1100079CFA /* AirConditioner.swift */,
				2E51FA4E26EF7E2000079CFA /* DVDView.swift */,
				2E51FA5026EF7E4300079CFA /* LightView.swift */,
				2E51FA5226EF7E5000079CFA /* SwitchView.swift */,
			);
			path = Appliances;
			sourceTree = "<group>";
		};
		2E51FA5726EF7E9100079CFA /* Appliances */ = {
			isa = PBXGroup;
			children = (
				2E51FA5526EF7E8D00079CFA /* TVModel.swift */,
				2E51FA5826EF7EBF00079CFA /* AirConditionerModel.swift */,
				2E51FA5A26EF7EE300079CFA /* DVDModel.swift */,
				2E51FA5C26EF7EED00079CFA /* LightModel.swift */,
				2E51FA5F26EF7F0600079CFA /* SwitchModel.swift */,
			);
			path = Appliances;
			sourceTree = "<group>";
		};
		2E51FA6126EF800100079CFA /* Appliances */ = {
			isa = PBXGroup;
			children = (
				2E51FA6226EF802A00079CFA /* TVViewModel.swift */,
				2E51FA6426EF803700079CFA /* AirConditionerViewModel.swift */,
				2E51FA6626EF804300079CFA /* DVDViewModel.swift */,
				2E51FA6826EF805200079CFA /* LightViewModel.swift */,
				2E51FA6A26EF805F00079CFA /* SwitchViewModel.swift */,
			);
			path = Appliances;
			sourceTree = "<group>";
		};
/* End PBXGroup section */

/* Begin PBXNativeTarget section */
		2E51FA1826EF7B0000079CFA /* sRemo */ = {
			isa = PBXNativeTarget;
			buildConfigurationList = 2E51FA3D26EF7B0200079CFA /* Build configuration list for PBXNativeTarget "sRemo" */;
			buildPhases = (
				2E51FA1526EF7B0000079CFA /* Sources */,
				2E51FA1626EF7B0000079CFA /* Frameworks */,
				2E51FA1726EF7B0000079CFA /* Resources */,
			);
			buildRules = (
			);
			dependencies = (
			);
			name = sRemo;
			productName = sRemo;
			productReference = 2E51FA1926EF7B0000079CFA /* sRemo.app */;
			productType = "com.apple.product-type.application";
		};
		2E51FA2826EF7B0200079CFA /* sRemoTests */ = {
			isa = PBXNativeTarget;
			buildConfigurationList = 2E51FA4026EF7B0200079CFA /* Build configuration list for PBXNativeTarget "sRemoTests" */;
			buildPhases = (
				2E51FA2526EF7B0200079CFA /* Sources */,
				2E51FA2626EF7B0200079CFA /* Frameworks */,
				2E51FA2726EF7B0200079CFA /* Resources */,
			);
			buildRules = (
			);
			dependencies = (
				2E51FA2B26EF7B0200079CFA /* PBXTargetDependency */,
			);
			name = sRemoTests;
			productName = sRemoTests;
			productReference = 2E51FA2926EF7B0200079CFA /* sRemoTests.xctest */;
			productType = "com.apple.product-type.bundle.unit-test";
		};
		2E51FA3226EF7B0200079CFA /* sRemoUITests */ = {
			isa = PBXNativeTarget;
			buildConfigurationList = 2E51FA4326EF7B0200079CFA /* Build configuration list for PBXNativeTarget "sRemoUITests" */;
			buildPhases = (
				2E51FA2F26EF7B0200079CFA /* Sources */,
				2E51FA3026EF7B0200079CFA /* Frameworks */,
				2E51FA3126EF7B0200079CFA /* Resources */,
			);
			buildRules = (
			);
			dependencies = (
				2E51FA3526EF7B0200079CFA /* PBXTargetDependency */,
			);
			name = sRemoUITests;
			productName = sRemoUITests;
			productReference = 2E51FA3326EF7B0200079CFA /* sRemoUITests.xctest */;
			productType = "com.apple.product-type.bundle.ui-testing";
		};
/* End PBXNativeTarget section */

/* Begin PBXProject section */
		2E51FA1126EF7B0000079CFA /* Project object */ = {
			isa = PBXProject;
			attributes = {
				BuildIndependentTargetsInParallel = 1;
				LastSwiftUpdateCheck = 1300;
				LastUpgradeCheck = 1300;
				TargetAttributes = {
					2E51FA1826EF7B0000079CFA = {
						CreatedOnToolsVersion = 13.0;
					};
					2E51FA2826EF7B0200079CFA = {
						CreatedOnToolsVersion = 13.0;
						TestTargetID = 2E51FA1826EF7B0000079CFA;
					};
					2E51FA3226EF7B0200079CFA = {
						CreatedOnToolsVersion = 13.0;
						TestTargetID = 2E51FA1826EF7B0000079CFA;
					};
				};
			};
			buildConfigurationList = 2E51FA1426EF7B0000079CFA /* Build configuration list for PBXProject "sRemo" */;
			compatibilityVersion = "Xcode 13.0";
			developmentRegion = en;
			hasScannedForEncodings = 0;
			knownRegions = (
				en,
				Base,
			);
			mainGroup = 2E51FA1026EF7B0000079CFA;
			productRefGroup = 2E51FA1A26EF7B0000079CFA /* Products */;
			projectDirPath = "";
			projectRoot = "";
			targets = (
				2E51FA1826EF7B0000079CFA /* sRemo */,
				2E51FA2826EF7B0200079CFA /* sRemoTests */,
				2E51FA3226EF7B0200079CFA /* sRemoUITests */,
			);
		};
/* End PBXProject section */

/* Begin PBXResourcesBuildPhase section */
		2E51FA1726EF7B0000079CFA /* Resources */ = {
			isa = PBXResourcesBuildPhase;
			buildActionMask = 2147483647;
			files = (
				2E51FA2426EF7B0200079CFA /* Preview Assets.xcassets in Resources */,
				2E51FA2126EF7B0200079CFA /* Assets.xcassets in Resources */,
			);
			runOnlyForDeploymentPostprocessing = 0;
		};
		2E51FA2726EF7B0200079CFA /* Resources */ = {
			isa = PBXResourcesBuildPhase;
			buildActionMask = 2147483647;
			files = (
			);
			runOnlyForDeploymentPostprocessing = 0;
		};
		2E51FA3126EF7B0200079CFA /* Resources */ = {
			isa = PBXResourcesBuildPhase;
			buildActionMask = 2147483647;
			files = (
			);
			runOnlyForDeploymentPostprocessing = 0;
		};
/* End PBXResourcesBuildPhase section */

/* Begin PBXSourcesBuildPhase section */
		2E51FA1526EF7B0000079CFA /* Sources */ = {
			isa = PBXSourcesBuildPhase;
			buildActionMask = 2147483647;
			files = (
				2E51FA7326EF809E00079CFA /* SettingsView.swift in Sources */,
				2E51FA6F26EF808300079CFA /* HomeViewModel.swift in Sources */,
				2E51FA4B26EF7DEB00079CFA /* TVView.swift in Sources */,
				2E51FA6B26EF805F00079CFA /* SwitchViewModel.swift in Sources */,
				2E51FA6D26EF807400079CFA /* HomeModel.swift in Sources */,
				2E51FA7926EF842200079CFA /* DeviceModel.swift in Sources */,
				2E51FA5126EF7E4300079CFA /* LightView.swift in Sources */,
				2E51FA5926EF7EBF00079CFA /* AirConditionerModel.swift in Sources */,
				2E51FA6926EF805200079CFA /* LightViewModel.swift in Sources */,
				2E51FA4D26EF7E1100079CFA /* AirConditioner.swift in Sources */,
				2E51FA5626EF7E8D00079CFA /* TVModel.swift in Sources */,
				2E51FA6726EF804300079CFA /* DVDViewModel.swift in Sources */,
				2E51FA5326EF7E5000079CFA /* SwitchView.swift in Sources */,
				2E51FA7726EF80E400079CFA /* SettingsModel.swift in Sources */,
				2E51FA6326EF802A00079CFA /* TVViewModel.swift in Sources */,
				2E51FA4F26EF7E2000079CFA /* DVDView.swift in Sources */,
				2E51FA7126EF808B00079CFA /* HomeView.swift in Sources */,
				2E51FA5D26EF7EED00079CFA /* LightModel.swift in Sources */,
				2E51FA6026EF7F0600079CFA /* SwitchModel.swift in Sources */,
				2E51FA6526EF803700079CFA /* AirConditionerViewModel.swift in Sources */,
				2E51FA1F26EF7B0000079CFA /* HomeTabView.swift in Sources */,
				2E51FA7526EF80D900079CFA /* SettingsViewModel.swift in Sources */,
				2E51FA5B26EF7EE300079CFA /* DVDModel.swift in Sources */,
				2E51FA1D26EF7B0000079CFA /* sRemoApp.swift in Sources */,
			);
			runOnlyForDeploymentPostprocessing = 0;
		};
		2E51FA2526EF7B0200079CFA /* Sources */ = {
			isa = PBXSourcesBuildPhase;
			buildActionMask = 2147483647;
			files = (
				2E51FA2E26EF7B0200079CFA /* sRemoTests.swift in Sources */,
			);
			runOnlyForDeploymentPostprocessing = 0;
		};
		2E51FA2F26EF7B0200079CFA /* Sources */ = {
			isa = PBXSourcesBuildPhase;
			buildActionMask = 2147483647;
			files = (
				2E51FA3826EF7B0200079CFA /* sRemoUITests.swift in Sources */,
				2E51FA3A26EF7B0200079CFA /* sRemoUITestsLaunchTests.swift in Sources */,
			);
			runOnlyForDeploymentPostprocessing = 0;
		};
/* End PBXSourcesBuildPhase section */

/* Begin PBXTargetDependency section */
		2E51FA2B26EF7B0200079CFA /* PBXTargetDependency */ = {
			isa = PBXTargetDependency;
			target = 2E51FA1826EF7B0000079CFA /* sRemo */;
			targetProxy = 2E51FA2A26EF7B0200079CFA /* PBXContainerItemProxy */;
		};
		2E51FA3526EF7B0200079CFA /* PBXTargetDependency */ = {
			isa = PBXTargetDependency;
			target = 2E51FA1826EF7B0000079CFA /* sRemo */;
			targetProxy = 2E51FA3426EF7B0200079CFA /* PBXContainerItemProxy */;
		};
/* End PBXTargetDependency section */

/* Begin XCBuildConfiguration section */
		2E51FA3B26EF7B0200079CFA /* Debug */ = {
			isa = XCBuildConfiguration;
			buildSettings = {
				ALWAYS_SEARCH_USER_PATHS = NO;
				CLANG_ANALYZER_NONNULL = YES;
				CLANG_ANALYZER_NUMBER_OBJECT_CONVERSION = YES_AGGRESSIVE;
				CLANG_CXX_LANGUAGE_STANDARD = "gnu++17";
				CLANG_CXX_LIBRARY = "libc++";
				CLANG_ENABLE_MODULES = YES;
				CLANG_ENABLE_OBJC_ARC = YES;
				CLANG_ENABLE_OBJC_WEAK = YES;
				CLANG_WARN_BLOCK_CAPTURE_AUTORELEASING = YES;
				CLANG_WARN_BOOL_CONVERSION = YES;
				CLANG_WARN_COMMA = YES;
				CLANG_WARN_CONSTANT_CONVERSION = YES;
				CLANG_WARN_DEPRECATED_OBJC_IMPLEMENTATIONS = YES;
				CLANG_WARN_DIRECT_OBJC_ISA_USAGE = YES_ERROR;
				CLANG_WARN_DOCUMENTATION_COMMENTS = YES;
				CLANG_WARN_EMPTY_BODY = YES;
				CLANG_WARN_ENUM_CONVERSION = YES;
				CLANG_WARN_INFINITE_RECURSION = YES;
				CLANG_WARN_INT_CONVERSION = YES;
				CLANG_WARN_NON_LITERAL_NULL_CONVERSION = YES;
				CLANG_WARN_OBJC_IMPLICIT_RETAIN_SELF = YES;
				CLANG_WARN_OBJC_LITERAL_CONVERSION = YES;
				CLANG_WARN_OBJC_ROOT_CLASS = YES_ERROR;
				CLANG_WARN_QUOTED_INCLUDE_IN_FRAMEWORK_HEADER = YES;
				CLANG_WARN_RANGE_LOOP_ANALYSIS = YES;
				CLANG_WARN_STRICT_PROTOTYPES = YES;
				CLANG_WARN_SUSPICIOUS_MOVE = YES;
				CLANG_WARN_UNGUARDED_AVAILABILITY = YES_AGGRESSIVE;
				CLANG_WARN_UNREACHABLE_CODE = YES;
				CLANG_WARN__DUPLICATE_METHOD_MATCH = YES;
				COPY_PHASE_STRIP = NO;
				DEBUG_INFORMATION_FORMAT = dwarf;
				ENABLE_STRICT_OBJC_MSGSEND = YES;
				ENABLE_TESTABILITY = YES;
				GCC_C_LANGUAGE_STANDARD = gnu11;
				GCC_DYNAMIC_NO_PIC = NO;
				GCC_NO_COMMON_BLOCKS = YES;
				GCC_OPTIMIZATION_LEVEL = 0;
				GCC_PREPROCESSOR_DEFINITIONS = (
					"DEBUG=1",
					"$(inherited)",
				);
				GCC_WARN_64_TO_32_BIT_CONVERSION = YES;
				GCC_WARN_ABOUT_RETURN_TYPE = YES_ERROR;
				GCC_WARN_UNDECLARED_SELECTOR = YES;
				GCC_WARN_UNINITIALIZED_AUTOS = YES_AGGRESSIVE;
				GCC_WARN_UNUSED_FUNCTION = YES;
				GCC_WARN_UNUSED_VARIABLE = YES;
				IPHONEOS_DEPLOYMENT_TARGET = 15.0;
				MTL_ENABLE_DEBUG_INFO = INCLUDE_SOURCE;
				MTL_FAST_MATH = YES;
				ONLY_ACTIVE_ARCH = YES;
				SDKROOT = iphoneos;
				SWIFT_ACTIVE_COMPILATION_CONDITIONS = DEBUG;
				SWIFT_OPTIMIZATION_LEVEL = "-Onone";
			};
			name = Debug;
		};
		2E51FA3C26EF7B0200079CFA /* Release */ = {
			isa = XCBuildConfiguration;
			buildSettings = {
				ALWAYS_SEARCH_USER_PATHS = NO;
				CLANG_ANALYZER_NONNULL = YES;
				CLANG_ANALYZER_NUMBER_OBJECT_CONVERSION = YES_AGGRESSIVE;
				CLANG_CXX_LANGUAGE_STANDARD = "gnu++17";
				CLANG_CXX_LIBRARY = "libc++";
				CLANG_ENABLE_MODULES = YES;
				CLANG_ENABLE_OBJC_ARC = YES;
				CLANG_ENABLE_OBJC_WEAK = YES;
				CLANG_WARN_BLOCK_CAPTURE_AUTORELEASING = YES;
				CLANG_WARN_BOOL_CONVERSION = YES;
				CLANG_WARN_COMMA = YES;
				CLANG_WARN_CONSTANT_CONVERSION = YES;
				CLANG_WARN_DEPRECATED_OBJC_IMPLEMENTATIONS = YES;
				CLANG_WARN_DIRECT_OBJC_ISA_USAGE = YES_ERROR;
				CLANG_WARN_DOCUMENTATION_COMMENTS = YES;
				CLANG_WARN_EMPTY_BODY = YES;
				CLANG_WARN_ENUM_CONVERSION = YES;
				CLANG_WARN_INFINITE_RECURSION = YES;
				CLANG_WARN_INT_CONVERSION = YES;
				CLANG_WARN_NON_LITERAL_NULL_CONVERSION = YES;
				CLANG_WARN_OBJC_IMPLICIT_RETAIN_SELF = YES;
				CLANG_WARN_OBJC_LITERAL_CONVERSION = YES;
				CLANG_WARN_OBJC_ROOT_CLASS = YES_ERROR;
				CLANG_WARN_QUOTED_INCLUDE_IN_FRAMEWORK_HEADER = YES;
				CLANG_WARN_RANGE_LOOP_ANALYSIS = YES;
				CLANG_WARN_STRICT_PROTOTYPES = YES;
				CLANG_WARN_SUSPICIOUS_MOVE = YES;
				CLANG_WARN_UNGUARDED_AVAILABILITY = YES_AGGRESSIVE;
				CLANG_WARN_UNREACHABLE_CODE = YES;
				CLANG_WARN__DUPLICATE_METHOD_MATCH = YES;
				COPY_PHASE_STRIP = NO;
				DEBUG_INFORMATION_FORMAT = "dwarf-with-dsym";
				ENABLE_NS_ASSERTIONS = NO;
				ENABLE_STRICT_OBJC_MSGSEND = YES;
				GCC_C_LANGUAGE_STANDARD = gnu11;
				GCC_NO_COMMON_BLOCKS = YES;
				GCC_WARN_64_TO_32_BIT_CONVERSION = YES;
				GCC_WARN_ABOUT_RETURN_TYPE = YES_ERROR;
				GCC_WARN_UNDECLARED_SELECTOR = YES;
				GCC_WARN_UNINITIALIZED_AUTOS = YES_AGGRESSIVE;
				GCC_WARN_UNUSED_FUNCTION = YES;
				GCC_WARN_UNUSED_VARIABLE = YES;
				IPHONEOS_DEPLOYMENT_TARGET = 15.0;
				MTL_ENABLE_DEBUG_INFO = NO;
				MTL_FAST_MATH = YES;
				SDKROOT = iphoneos;
				SWIFT_COMPILATION_MODE = wholemodule;
				SWIFT_OPTIMIZATION_LEVEL = "-O";
				VALIDATE_PRODUCT = YES;
			};
			name = Release;
		};
		2E51FA3E26EF7B0200079CFA /* Debug */ = {
			isa = XCBuildConfiguration;
			buildSettings = {
				ASSETCATALOG_COMPILER_APPICON_NAME = AppIcon;
				ASSETCATALOG_COMPILER_GLOBAL_ACCENT_COLOR_NAME = AccentColor;
				CODE_SIGN_STYLE = Automatic;
				CURRENT_PROJECT_VERSION = 1;
				DEVELOPMENT_ASSET_PATHS = "\"sRemo/Preview Content\"";
				ENABLE_PREVIEWS = YES;
				GENERATE_INFOPLIST_FILE = YES;
				INFOPLIST_KEY_UIApplicationSceneManifest_Generation = YES;
				INFOPLIST_KEY_UIApplicationSupportsIndirectInputEvents = YES;
				INFOPLIST_KEY_UILaunchScreen_Generation = YES;
				INFOPLIST_KEY_UISupportedInterfaceOrientations_iPad = "UIInterfaceOrientationPortrait UIInterfaceOrientationPortraitUpsideDown UIInterfaceOrientationLandscapeLeft UIInterfaceOrientationLandscapeRight";
				INFOPLIST_KEY_UISupportedInterfaceOrientations_iPhone = "UIInterfaceOrientationPortrait UIInterfaceOrientationLandscapeLeft UIInterfaceOrientationLandscapeRight";
				IPHONEOS_DEPLOYMENT_TARGET = 15.0;
				LD_RUNPATH_SEARCH_PATHS = (
					"$(inherited)",
					"@executable_path/Frameworks",
				);
				MARKETING_VERSION = 1.0;
				PRODUCT_BUNDLE_IDENTIFIER = com.zunda.sRemo;
				PRODUCT_NAME = "$(TARGET_NAME)";
				SWIFT_EMIT_LOC_STRINGS = YES;
				SWIFT_VERSION = 5.0;
				TARGETED_DEVICE_FAMILY = "1,2";
			};
			name = Debug;
		};
		2E51FA3F26EF7B0200079CFA /* Release */ = {
			isa = XCBuildConfiguration;
			buildSettings = {
				ASSETCATALOG_COMPILER_APPICON_NAME = AppIcon;
				ASSETCATALOG_COMPILER_GLOBAL_ACCENT_COLOR_NAME = AccentColor;
				CODE_SIGN_STYLE = Automatic;
				CURRENT_PROJECT_VERSION = 1;
				DEVELOPMENT_ASSET_PATHS = "\"sRemo/Preview Content\"";
				ENABLE_PREVIEWS = YES;
				GENERATE_INFOPLIST_FILE = YES;
				INFOPLIST_KEY_UIApplicationSceneManifest_Generation = YES;
				INFOPLIST_KEY_UIApplicationSupportsIndirectInputEvents = YES;
				INFOPLIST_KEY_UILaunchScreen_Generation = YES;
				INFOPLIST_KEY_UISupportedInterfaceOrientations_iPad = "UIInterfaceOrientationPortrait UIInterfaceOrientationPortraitUpsideDown UIInterfaceOrientationLandscapeLeft UIInterfaceOrientationLandscapeRight";
				INFOPLIST_KEY_UISupportedInterfaceOrientations_iPhone = "UIInterfaceOrientationPortrait UIInterfaceOrientationLandscapeLeft UIInterfaceOrientationLandscapeRight";
				IPHONEOS_DEPLOYMENT_TARGET = 15.0;
				LD_RUNPATH_SEARCH_PATHS = (
					"$(inherited)",
					"@executable_path/Frameworks",
				);
				MARKETING_VERSION = 1.0;
				PRODUCT_BUNDLE_IDENTIFIER = com.zunda.sRemo;
				PRODUCT_NAME = "$(TARGET_NAME)";
				SWIFT_EMIT_LOC_STRINGS = YES;
				SWIFT_VERSION = 5.0;
				TARGETED_DEVICE_FAMILY = "1,2";
			};
			name = Release;
		};
		2E51FA4126EF7B0200079CFA /* Debug */ = {
			isa = XCBuildConfiguration;
			buildSettings = {
				ALWAYS_EMBED_SWIFT_STANDARD_LIBRARIES = YES;
				BUNDLE_LOADER = "$(TEST_HOST)";
				CODE_SIGN_STYLE = Automatic;
				CURRENT_PROJECT_VERSION = 1;
				GENERATE_INFOPLIST_FILE = YES;
				IPHONEOS_DEPLOYMENT_TARGET = 15.0;
				LD_RUNPATH_SEARCH_PATHS = (
					"$(inherited)",
					"@executable_path/Frameworks",
					"@loader_path/Frameworks",
				);
				MARKETING_VERSION = 1.0;
				PRODUCT_BUNDLE_IDENTIFIER = com.zunda.sRemoTests;
				PRODUCT_NAME = "$(TARGET_NAME)";
				SWIFT_EMIT_LOC_STRINGS = NO;
				SWIFT_VERSION = 5.0;
				TARGETED_DEVICE_FAMILY = "1,2";
				TEST_HOST = "$(BUILT_PRODUCTS_DIR)/sRemo.app/sRemo";
			};
			name = Debug;
		};
		2E51FA4226EF7B0200079CFA /* Release */ = {
			isa = XCBuildConfiguration;
			buildSettings = {
				ALWAYS_EMBED_SWIFT_STANDARD_LIBRARIES = YES;
				BUNDLE_LOADER = "$(TEST_HOST)";
				CODE_SIGN_STYLE = Automatic;
				CURRENT_PROJECT_VERSION = 1;
				GENERATE_INFOPLIST_FILE = YES;
				IPHONEOS_DEPLOYMENT_TARGET = 15.0;
				LD_RUNPATH_SEARCH_PATHS = (
					"$(inherited)",
					"@executable_path/Frameworks",
					"@loader_path/Frameworks",
				);
				MARKETING_VERSION = 1.0;
				PRODUCT_BUNDLE_IDENTIFIER = com.zunda.sRemoTests;
				PRODUCT_NAME = "$(TARGET_NAME)";
				SWIFT_EMIT_LOC_STRINGS = NO;
				SWIFT_VERSION = 5.0;
				TARGETED_DEVICE_FAMILY = "1,2";
				TEST_HOST = "$(BUILT_PRODUCTS_DIR)/sRemo.app/sRemo";
			};
			name = Release;
		};
		2E51FA4426EF7B0200079CFA /* Debug */ = {
			isa = XCBuildConfiguration;
			buildSettings = {
				ALWAYS_EMBED_SWIFT_STANDARD_LIBRARIES = YES;
				CODE_SIGN_STYLE = Automatic;
				CURRENT_PROJECT_VERSION = 1;
				GENERATE_INFOPLIST_FILE = YES;
				LD_RUNPATH_SEARCH_PATHS = (
					"$(inherited)",
					"@executable_path/Frameworks",
					"@loader_path/Frameworks",
				);
				MARKETING_VERSION = 1.0;
				PRODUCT_BUNDLE_IDENTIFIER = com.zunda.sRemoUITests;
				PRODUCT_NAME = "$(TARGET_NAME)";
				SWIFT_EMIT_LOC_STRINGS = NO;
				SWIFT_VERSION = 5.0;
				TARGETED_DEVICE_FAMILY = "1,2";
				TEST_TARGET_NAME = sRemo;
			};
			name = Debug;
		};
		2E51FA4526EF7B0200079CFA /* Release */ = {
			isa = XCBuildConfiguration;
			buildSettings = {
				ALWAYS_EMBED_SWIFT_STANDARD_LIBRARIES = YES;
				CODE_SIGN_STYLE = Automatic;
				CURRENT_PROJECT_VERSION = 1;
				GENERATE_INFOPLIST_FILE = YES;
				LD_RUNPATH_SEARCH_PATHS = (
					"$(inherited)",
					"@executable_path/Frameworks",
					"@loader_path/Frameworks",
				);
				MARKETING_VERSION = 1.0;
				PRODUCT_BUNDLE_IDENTIFIER = com.zunda.sRemoUITests;
				PRODUCT_NAME = "$(TARGET_NAME)";
				SWIFT_EMIT_LOC_STRINGS = NO;
				SWIFT_VERSION = 5.0;
				TARGETED_DEVICE_FAMILY = "1,2";
				TEST_TARGET_NAME = sRemo;
			};
			name = Release;
		};
/* End XCBuildConfiguration section */

/* Begin XCConfigurationList section */
		2E51FA1426EF7B0000079CFA /* Build configuration list for PBXProject "sRemo" */ = {
			isa = XCConfigurationList;
			buildConfigurations = (
				2E51FA3B26EF7B0200079CFA /* Debug */,
				2E51FA3C26EF7B0200079CFA /* Release */,
			);
			defaultConfigurationIsVisible = 0;
			defaultConfigurationName = Release;
		};
		2E51FA3D26EF7B0200079CFA /* Build configuration list for PBXNativeTarget "sRemo" */ = {
			isa = XCConfigurationList;
			buildConfigurations = (
				2E51FA3E26EF7B0200079CFA /* Debug */,
				2E51FA3F26EF7B0200079CFA /* Release */,
			);
			defaultConfigurationIsVisible = 0;
			defaultConfigurationName = Release;
		};
		2E51FA4026EF7B0200079CFA /* Build configuration list for PBXNativeTarget "sRemoTests" */ = {
			isa = XCConfigurationList;
			buildConfigurations = (
				2E51FA4126EF7B0200079CFA /* Debug */,
				2E51FA4226EF7B0200079CFA /* Release */,
			);
			defaultConfigurationIsVisible = 0;
			defaultConfigurationName = Release;
		};
		2E51FA4326EF7B0200079CFA /* Build configuration list for PBXNativeTarget "sRemoUITests" */ = {
			isa = XCConfigurationList;
			buildConfigurations = (
				2E51FA4426EF7B0200079CFA /* Debug */,
				2E51FA4526EF7B0200079CFA /* Release */,
			);
			defaultConfigurationIsVisible = 0;
			defaultConfigurationName = Release;
		};
/* End XCConfigurationList section */
	};
	rootObject = 2E51FA1126EF7B0000079CFA /* Project object */;
}
